{
  "version": 4,
  "terraform_version": "1.12.5",
  "serial": 1,
  "lineage": "908542d3-5f89-413e-1798-34a29b876339",
  "outputs": {
    "s3_endpoint": {
      "value": "https://0ccd9b8cd89606709f1c867a1f64d840.r2.cloudflarestorage.com",
      "type": "string"
    },
    "state_bucket": {
      "value": "i10-tofu-state",
      "type": "string"
    }
  },
  "resources": [
    {
      "mode": "managed",
      "type": "cloudflare_r2_bucket",
      "name": "tofu_state",
      "provider": "provider[\"registry.opentofu.org/cloudflare/cloudflare\"]",
      "instances": [
        {
          "schema_version": 500,
          "attributes": {
            "account_id": "0ccd9b8cd89606709f1c867a1f64d840",
            "creation_date": "2026-08-31T08:54:27.705Z",
            "id": "i10-tofu-state",
            "jurisdiction": "default",
            "location": "EEUR",
            "name": "i10-tofu-state",
            "storage_class": "Standard"
          },
          "sensitive_attributes": []
        }
      ]
    }
  ],
  "check_results": [
    {
      "object_kind": "var",
      "config_addr": "module.labels.var.env",
      "status": "pass",
      "objects": [
        {
          "object_addr": "module.labels.var.env",
          "status": "pass"
        }
      ]
    },
    {
      "object_kind": "var",
      "config_addr": "module.labels.var.stack",
      "status": "pass",
      "objects": [
        {
          "object_addr": "module.labels.var.stack",
          "status": "pass"
        }
      ]
    },
    {
      "object_kind": "var",
      "config_addr": "module.labels.var.role",
      "status": "pass",
      "objects": [
        {
          "object_addr": "module.labels.var.role",
          "status": "pass"
        }
      ]
    }
  ]
}

